
Microsoft Visual Studio Solution File, Format Version 12.00
# Visual Studio Version 17
VisualStudioVersion = 17.0.31903.59
MinimumVisualStudioVersion = 10.0.40219.1
Project("{FAE04EC0-301F-11D3-BF4B-00C04F79EFBC}") = "Chain_of_Responsibility", "Chain_of_Responsibility\Chain_of_Responsibility.csproj", "{1BD6D071-EE8D-4190-BA3E-4AC0C203883D}"
EndProject
Global
	GlobalSection(SolutionConfigurationPlatforms) = preSolution
		Debug|Any CPU = Debug|Any CPU
		Release|Any CPU = Release|Any CPU
	EndGlobalSection
	GlobalSection(SolutionProperties) = preSolution
		HideSolutionNode = FALSE
	EndGlobalSection
	GlobalSection(ProjectConfigurationPlatforms) = postSolution
		{1BD6D071-EE8D-4190-BA3E-4AC0C203883D}.Debug|Any CPU.ActiveCfg = Debug|Any CPU
		{1BD6D071-EE8D-4190-BA3E-4AC0C203883D}.Debug|Any CPU.Build.0 = Debug|Any CPU
		{1BD6D071-EE8D-4190-BA3E-4AC0C203883D}.Release|Any CPU.ActiveCfg = Release|Any CPU
		{1BD6D071-EE8D-4190-BA3E-4AC0C203883D}.Release|Any CPU.Build.0 = Release|Any CPU
	EndGlobalSection
EndGlobal
